
Microsoft Visual Studio Solution File, Format Version 12.00
# Visual Studio Version 17
VisualStudioVersion = 17.8.34525.116
MinimumVisualStudioVersion = 10.0.40219.1
Project("{FAE04EC0-301F-11D3-BF4B-00C04F79EFBC}") = "CookieBasedAuthentication", "CookieBasedAuthentication.csproj", "{03EB7CF7-E1A4-421B-A3D6-A566E6364F2C}"
EndProject
Global
	GlobalSection(SolutionConfigurationPlatforms) = preSolution
		Debug|Any CPU = Debug|Any CPU
		Release|Any CPU = Release|Any CPU
	EndGlobalSection
	GlobalSection(ProjectConfigurationPlatforms) = postSolution
		{03EB7CF7-E1A4-421B-A3D6-A566E6364F2C}.Debug|Any CPU.ActiveCfg = Debug|Any CPU
		{03EB7CF7-E1A4-421B-A3D6-A566E6364F2C}.Debug|Any CPU.Build.0 = Debug|Any CPU
		{03EB7CF7-E1A4-421B-A3D6-A566E6364F2C}.Release|Any CPU.ActiveCfg = Release|Any CPU
		{03EB7CF7-E1A4-421B-A3D6-A566E6364F2C}.Release|Any CPU.Build.0 = Release|Any CPU
	EndGlobalSection
	GlobalSection(SolutionProperties) = preSolution
		HideSolutionNode = FALSE
	EndGlobalSection
	GlobalSection(ExtensibilityGlobals) = postSolution
		SolutionGuid = {8E7E9826-90D3-48CF-A836-0677A65EF812}
	EndGlobalSection
EndGlobal
